
Microsoft Visual Studio Solution File, Format Version 12.00
# Visual Studio Version 17
VisualStudioVersion = 17.7.34031.279
MinimumVisualStudioVersion = 10.0.40219.1
Project("{FAE04EC0-301F-11D3-BF4B-00C04F79EFBC}") = "Практическая работа по АОиП СК №1", "Практическая работа по АОиП СК №1\Практическая работа по АОиП СК №1.csproj", "{38106D43-CC43-49AB-BC20-FD6F3A942067}"
EndProject
Global
	GlobalSection(SolutionConfigurationPlatforms) = preSolution
		Debug|Any CPU = Debug|Any CPU
		Release|Any CPU = Release|Any CPU
	EndGlobalSection
	GlobalSection(ProjectConfigurationPlatforms) = postSolution
		{38106D43-CC43-49AB-BC20-FD6F3A942067}.Debug|Any CPU.ActiveCfg = Debug|Any CPU
		{38106D43-CC43-49AB-BC20-FD6F3A942067}.Debug|Any CPU.Build.0 = Debug|Any CPU
		{38106D43-CC43-49AB-BC20-FD6F3A942067}.Release|Any CPU.ActiveCfg = Release|Any CPU
		{38106D43-CC43-49AB-BC20-FD6F3A942067}.Release|Any CPU.Build.0 = Release|Any CPU
	EndGlobalSection
	GlobalSection(SolutionProperties) = preSolution
		HideSolutionNode = FALSE
	EndGlobalSection
	GlobalSection(ExtensibilityGlobals) = postSolution
		SolutionGuid = {6A9B18E2-2FFB-4C85-B940-A2B6D96C833D}
	EndGlobalSection
EndGlobal
